
Microsoft Visual Studio Solution File, Format Version 12.00
# Visual Studio 14
VisualStudioVersion = 14.0.24720.0
MinimumVisualStudioVersion = 10.0.40219.1
Project("{FAE04EC0-301F-11D3-BF4B-00C04F79EFBC}") = "UnitTestingBusinessValue.Business", "UnitTestingBusinessValue.Business\UnitTestingBusinessValue.Business.csproj", "{F736C9AA-C870-492A-BB27-ED7739921DDE}"
EndProject
Project("{FAE04EC0-301F-11D3-BF4B-00C04F79EFBC}") = "UnitTestingBusinessValue.ConsoleApp", "UnitTestingBusinessValue.ConsoleApp\UnitTestingBusinessValue.ConsoleApp.csproj", "{250AB02A-111C-4CD8-BA5C-385508931800}"
EndProject
Project("{FAE04EC0-301F-11D3-BF4B-00C04F79EFBC}") = "UnitTestingBusinessValue.Business.Tests", "UnitTestingBusinessValue.Business.Tests\UnitTestingBusinessValue.Business.Tests.csproj", "{1976C377-136C-41C4-A28B-EB8E8DD03814}"
EndProject
Global
	GlobalSection(SolutionConfigurationPlatforms) = preSolution
		Debug|Any CPU = Debug|Any CPU
		Release|Any CPU = Release|Any CPU
	EndGlobalSection
	GlobalSection(ProjectConfigurationPlatforms) = postSolution
		{F736C9AA-C870-492A-BB27-ED7739921DDE}.Debug|Any CPU.ActiveCfg = Debug|Any CPU
		{F736C9AA-C870-492A-BB27-ED7739921DDE}.Debug|Any CPU.Build.0 = Debug|Any CPU
		{F736C9AA-C870-492A-BB27-ED7739921DDE}.Release|Any CPU.ActiveCfg = Release|Any CPU
		{F736C9AA-C870-492A-BB27-ED7739921DDE}.Release|Any CPU.Build.0 = Release|Any CPU
		{250AB02A-111C-4CD8-BA5C-385508931800}.Debug|Any CPU.ActiveCfg = Debug|Any CPU
		{250AB02A-111C-4CD8-BA5C-385508931800}.Debug|Any CPU.Build.0 = Debug|Any CPU
		{250AB02A-111C-4CD8-BA5C-385508931800}.Release|Any CPU.ActiveCfg = Release|Any CPU
		{250AB02A-111C-4CD8-BA5C-385508931800}.Release|Any CPU.Build.0 = Release|Any CPU
		{1976C377-136C-41C4-A28B-EB8E8DD03814}.Debug|Any CPU.ActiveCfg = Debug|Any CPU
		{1976C377-136C-41C4-A28B-EB8E8DD03814}.Debug|Any CPU.Build.0 = Debug|Any CPU
		{1976C377-136C-41C4-A28B-EB8E8DD03814}.Release|Any CPU.ActiveCfg = Release|Any CPU
		{1976C377-136C-41C4-A28B-EB8E8DD03814}.Release|Any CPU.Build.0 = Release|Any CPU
	EndGlobalSection
	GlobalSection(SolutionProperties) = preSolution
		HideSolutionNode = FALSE
	EndGlobalSection
EndGlobal
